
Microsoft Visual Studio Solution File, Format Version 12.00
# Visual Studio 15
VisualStudioVersion = 15.0.26124.0
MinimumVisualStudioVersion = 15.0.26124.0
Project("{FAE04EC0-301F-11D3-BF4B-00C04F79EFBC}") = "Commander", "src\Commander.csproj", "{374C5629-433A-4E18-86C8-26F280F73663}"
EndProject
Project("{2150E333-8FDC-42A3-9474-1A3956D46DE8}") = "test", "test", "{C687ED34-51B8-46E1-9401-35308C720B6F}"
EndProject
Project("{FAE04EC0-301F-11D3-BF4B-00C04F79EFBC}") = "Commander.Test", "test\Commander.Test\Commander.Test.csproj", "{C17D249D-85E6-4829-946B-A8882DEB0B4F}"
EndProject
Global
	GlobalSection(SolutionConfigurationPlatforms) = preSolution
		Debug|Any CPU = Debug|Any CPU
		Debug|x64 = Debug|x64
		Debug|x86 = Debug|x86
		Release|Any CPU = Release|Any CPU
		Release|x64 = Release|x64
		Release|x86 = Release|x86
	EndGlobalSection
	GlobalSection(SolutionProperties) = preSolution
		HideSolutionNode = FALSE
	EndGlobalSection
	GlobalSection(ProjectConfigurationPlatforms) = postSolution
		{374C5629-433A-4E18-86C8-26F280F73663}.Debug|Any CPU.ActiveCfg = Debug|Any CPU
		{374C5629-433A-4E18-86C8-26F280F73663}.Debug|Any CPU.Build.0 = Debug|Any CPU
		{374C5629-433A-4E18-86C8-26F280F73663}.Debug|x64.ActiveCfg = Debug|Any CPU
		{374C5629-433A-4E18-86C8-26F280F73663}.Debug|x64.Build.0 = Debug|Any CPU
		{374C5629-433A-4E18-86C8-26F280F73663}.Debug|x86.ActiveCfg = Debug|Any CPU
		{374C5629-433A-4E18-86C8-26F280F73663}.Debug|x86.Build.0 = Debug|Any CPU
		{374C5629-433A-4E18-86C8-26F280F73663}.Release|Any CPU.ActiveCfg = Release|Any CPU
		{374C5629-433A-4E18-86C8-26F280F73663}.Release|Any CPU.Build.0 = Release|Any CPU
		{374C5629-433A-4E18-86C8-26F280F73663}.Release|x64.ActiveCfg = Release|Any CPU
		{374C5629-433A-4E18-86C8-26F280F73663}.Release|x64.Build.0 = Release|Any CPU
		{374C5629-433A-4E18-86C8-26F280F73663}.Release|x86.ActiveCfg = Release|Any CPU
		{374C5629-433A-4E18-86C8-26F280F73663}.Release|x86.Build.0 = Release|Any CPU
		{C17D249D-85E6-4829-946B-A8882DEB0B4F}.Debug|Any CPU.ActiveCfg = Debug|Any CPU
		{C17D249D-85E6-4829-946B-A8882DEB0B4F}.Debug|Any CPU.Build.0 = Debug|Any CPU
		{C17D249D-85E6-4829-946B-A8882DEB0B4F}.Debug|x64.ActiveCfg = Debug|Any CPU
		{C17D249D-85E6-4829-946B-A8882DEB0B4F}.Debug|x64.Build.0 = Debug|Any CPU
		{C17D249D-85E6-4829-946B-A8882DEB0B4F}.Debug|x86.ActiveCfg = Debug|Any CPU
		{C17D249D-85E6-4829-946B-A8882DEB0B4F}.Debug|x86.Build.0 = Debug|Any CPU
		{C17D249D-85E6-4829-946B-A8882DEB0B4F}.Release|Any CPU.ActiveCfg = Release|Any CPU
		{C17D249D-85E6-4829-946B-A8882DEB0B4F}.Release|Any CPU.Build.0 = Release|Any CPU
		{C17D249D-85E6-4829-946B-A8882DEB0B4F}.Release|x64.ActiveCfg = Release|Any CPU
		{C17D249D-85E6-4829-946B-A8882DEB0B4F}.Release|x64.Build.0 = Release|Any CPU
		{C17D249D-85E6-4829-946B-A8882DEB0B4F}.Release|x86.ActiveCfg = Release|Any CPU
		{C17D249D-85E6-4829-946B-A8882DEB0B4F}.Release|x86.Build.0 = Release|Any CPU
	EndGlobalSection
	GlobalSection(NestedProjects) = preSolution
		{C17D249D-85E6-4829-946B-A8882DEB0B4F} = {C687ED34-51B8-46E1-9401-35308C720B6F}
	EndGlobalSection
EndGlobal
